
Microsoft Visual Studio Solution File, Format Version 12.00
# Visual Studio Version 17
VisualStudioVersion = 17.14.36414.22 d17.14
MinimumVisualStudioVersion = 10.0.40219.1
Project("{FAE04EC0-301F-11D3-BF4B-00C04F79EFBC}") = "TaxLedger.Domain", "TaxLedger.Domain\TaxLedger.Domain.csproj", "{3C047DFF-4C53-4E76-9816-07C9E07D247D}"
EndProject
Project("{FAE04EC0-301F-11D3-BF4B-00C04F79EFBC}") = "TaxLedger.Tests", "TaxLedger.Tests\TaxLedger.Tests.csproj", "{36153BD8-683B-4C7F-83FC-940F9483A326}"
EndProject
Global
	GlobalSection(SolutionConfigurationPlatforms) = preSolution
		Debug|Any CPU = Debug|Any CPU
		Release|Any CPU = Release|Any CPU
	EndGlobalSection
	GlobalSection(ProjectConfigurationPlatforms) = postSolution
		{3C047DFF-4C53-4E76-9816-07C9E07D247D}.Debug|Any CPU.ActiveCfg = Debug|Any CPU
		{3C047DFF-4C53-4E76-9816-07C9E07D247D}.Debug|Any CPU.Build.0 = Debug|Any CPU
		{3C047DFF-4C53-4E76-9816-07C9E07D247D}.Release|Any CPU.ActiveCfg = Release|Any CPU
		{3C047DFF-4C53-4E76-9816-07C9E07D247D}.Release|Any CPU.Build.0 = Release|Any CPU
		{36153BD8-683B-4C7F-83FC-940F9483A326}.Debug|Any CPU.ActiveCfg = Debug|Any CPU
		{36153BD8-683B-4C7F-83FC-940F9483A326}.Debug|Any CPU.Build.0 = Debug|Any CPU
		{36153BD8-683B-4C7F-83FC-940F9483A326}.Release|Any CPU.ActiveCfg = Release|Any CPU
		{36153BD8-683B-4C7F-83FC-940F9483A326}.Release|Any CPU.Build.0 = Release|Any CPU
	EndGlobalSection
	GlobalSection(SolutionProperties) = preSolution
		HideSolutionNode = FALSE
	EndGlobalSection
	GlobalSection(ExtensibilityGlobals) = postSolution
		SolutionGuid = {00ABDA37-9399-4F02-BCBB-16FB652BEF19}
	EndGlobalSection
EndGlobal
